
Microsoft Visual Studio Solution File, Format Version 12.00
# Visual Studio 15
VisualStudioVersion = 15.0.27703.2000
MinimumVisualStudioVersion = 10.0.40219.1
Project("{FAE04EC0-301F-11D3-BF4B-00C04F79EFBC}") = "SurveyBot.Admin", "SurveyBot.Admin\SurveyBot.Admin.csproj", "{2DA73B8A-6414-4F99-89B4-DB19563712C3}"
EndProject
Global
	GlobalSection(SolutionConfigurationPlatforms) = preSolution
		Debug|Any CPU = Debug|Any CPU
		Release|Any CPU = Release|Any CPU
	EndGlobalSection
	GlobalSection(ProjectConfigurationPlatforms) = postSolution
		{2DA73B8A-6414-4F99-89B4-DB19563712C3}.Debug|Any CPU.ActiveCfg = Debug|Any CPU
		{2DA73B8A-6414-4F99-89B4-DB19563712C3}.Debug|Any CPU.Build.0 = Debug|Any CPU
		{2DA73B8A-6414-4F99-89B4-DB19563712C3}.Release|Any CPU.ActiveCfg = Release|Any CPU
		{2DA73B8A-6414-4F99-89B4-DB19563712C3}.Release|Any CPU.Build.0 = Release|Any CPU
	EndGlobalSection
	GlobalSection(SolutionProperties) = preSolution
		HideSolutionNode = FALSE
	EndGlobalSection
	GlobalSection(ExtensibilityGlobals) = postSolution
		SolutionGuid = {785DAAFF-5FB9-4CAA-9753-57E649627066}
	EndGlobalSection
EndGlobal
